
Microsoft Visual Studio Solution File, Format Version 12.00
# Visual Studio Version 16
VisualStudioVersion = 16.0.31313.79
MinimumVisualStudioVersion = 10.0.40219.1
Project("{FAE04EC0-301F-11D3-BF4B-00C04F79EFBC}") = "CSLambda", "CSLambda\CSLambda.csproj", "{62B2A386-2253-4461-941B-853C9813506C}"
EndProject
Global
	GlobalSection(SolutionConfigurationPlatforms) = preSolution
		Debug|Any CPU = Debug|Any CPU
		Release|Any CPU = Release|Any CPU
	EndGlobalSection
	GlobalSection(ProjectConfigurationPlatforms) = postSolution
		{62B2A386-2253-4461-941B-853C9813506C}.Debug|Any CPU.ActiveCfg = Debug|Any CPU
		{62B2A386-2253-4461-941B-853C9813506C}.Debug|Any CPU.Build.0 = Debug|Any CPU
		{62B2A386-2253-4461-941B-853C9813506C}.Release|Any CPU.ActiveCfg = Release|Any CPU
		{62B2A386-2253-4461-941B-853C9813506C}.Release|Any CPU.Build.0 = Release|Any CPU
	EndGlobalSection
	GlobalSection(SolutionProperties) = preSolution
		HideSolutionNode = FALSE
	EndGlobalSection
	GlobalSection(ExtensibilityGlobals) = postSolution
		SolutionGuid = {A62DB6CF-9D2C-4687-AD8A-DBC818BCDE17}
	EndGlobalSection
EndGlobal
